Microsoft Visual Studio Solution File, Format Version 12.00
# Visual Studio Version 17
VisualStudioVersion = 17.5.2.0
MinimumVisualStudioVersion = 10.0.40219.1
Project("{FAE04EC0-301F-11D3-BF4B-00C04F79EFBC}") = "voyago-backend", "voyago-backend\voyago-backend.csproj", "{4E0C1DF1-FB56-B8B7-47B8-1FF252B69BB5}"
EndProject
Global
	GlobalSection(SolutionConfigurationPlatforms) = preSolution
		Debug|Any CPU = Debug|Any CPU
		Release|Any CPU = Release|Any CPU
	EndGlobalSection
	GlobalSection(ProjectConfigurationPlatforms) = postSolution
		{4E0C1DF1-FB56-B8B7-47B8-1FF252B69BB5}.Debug|Any CPU.ActiveCfg = Debug|Any CPU
		{4E0C1DF1-FB56-B8B7-47B8-1FF252B69BB5}.Debug|Any CPU.Build.0 = Debug|Any CPU
		{4E0C1DF1-FB56-B8B7-47B8-1FF252B69BB5}.Release|Any CPU.ActiveCfg = Release|Any CPU
		{4E0C1DF1-FB56-B8B7-47B8-1FF252B69BB5}.Release|Any CPU.Build.0 = Release|Any CPU
	EndGlobalSection
	GlobalSection(SolutionProperties) = preSolution
		HideSolutionNode = FALSE
	EndGlobalSection
	GlobalSection(ExtensibilityGlobals) = postSolution
		SolutionGuid = {7C6C5CFC-1E39-495A-9F76-F46DAB56882B}
	EndGlobalSection
EndGlobal
